
Microsoft Visual Studio Solution File, Format Version 12.00
# Visual Studio 2015
Project("{FAE04EC0-301F-11D3-BF4B-00C04F79EFBC}") = "2D Shadow Tools", "2D Shadow Tools.csproj", "{00993BBF-77A1-F644-88D5-B2954880D533}"
EndProject
Global
	GlobalSection(SolutionConfigurationPlatforms) = preSolution
		Debug|Any CPU = Debug|Any CPU
		Release|Any CPU = Release|Any CPU
	EndGlobalSection
	GlobalSection(ProjectConfigurationPlatforms) = postSolution
		{00993BBF-77A1-F644-88D5-B2954880D533}.Debug|Any CPU.ActiveCfg = Debug|Any CPU
		{00993BBF-77A1-F644-88D5-B2954880D533}.Debug|Any CPU.Build.0 = Debug|Any CPU
		{00993BBF-77A1-F644-88D5-B2954880D533}.Release|Any CPU.ActiveCfg = Release|Any CPU
		{00993BBF-77A1-F644-88D5-B2954880D533}.Release|Any CPU.Build.0 = Release|Any CPU
	EndGlobalSection
	GlobalSection(SolutionProperties) = preSolution
		HideSolutionNode = FALSE
	EndGlobalSection
EndGlobal
